// !$*UTF8*$!
{
	archiveVersion = 1;
	classes = {
	};
	objectVersion = 50;
	objects = {

/* Begin PBXBuildFile section */
		2C91509D26DA04FC009223D2 /* AppDelegate.swift in Sources */ = {isa = PBXBuildFile; fileRef = 2C91509C26DA04FC009223D2 /* AppDelegate.swift */; };
		2C91509F26DA04FC009223D2 /* SceneDelegate.swift in Sources */ = {isa = PBXBuildFile; fileRef = 2C91509E26DA04FC009223D2 /* SceneDelegate.swift */; };
		2C9150A426DA04FC009223D2 /* Main.storyboard in Resources */ = {isa = PBXBuildFile; fileRef = 2C9150A226DA04FC009223D2 /* Main.storyboard */; };
		2C9150A726DA04FC009223D2 /* BitbucketHelper.xcdatamodeld in Sources */ = {isa = PBXBuildFile; fileRef = 2C9150A526DA04FC009223D2 /* BitbucketHelper.xcdatamodeld */; };
		2C9150A926DA0506009223D2 /* Assets.xcassets in Resources */ = {isa = PBXBuildFile; fileRef = 2C9150A826DA0506009223D2 /* Assets.xcassets */; };
		2C9150AC26DA0506009223D2 /* LaunchScreen.storyboard in Resources */ = {isa = PBXBuildFile; fileRef = 2C9150AA26DA0506009223D2 /* LaunchScreen.storyboard */; };
		2C9150B726DA0508009223D2 /* BitbucketHelperTests.swift in Sources */ = {isa = PBXBuildFile; fileRef = 2C9150B626DA0508009223D2 /* BitbucketHelperTests.swift */; };
		2C9150C226DA0508009223D2 /* BitbucketHelperUITests.swift in Sources */ = {isa = PBXBuildFile; fileRef = 2C9150C126DA0508009223D2 /* BitbucketHelperUITests.swift */; };
		2C9150D726DA06E3009223D2 /* NetworkRequestWorker.swift in Sources */ = {isa = PBXBuildFile; fileRef = 2C9150D626DA06E3009223D2 /* NetworkRequestWorker.swift */; };
		2C9150DD26DA0711009223D2 /* Endpoints.swift in Sources */ = {isa = PBXBuildFile; fileRef = 2C9150DC26DA0711009223D2 /* Endpoints.swift */; };
		2C9150EE26DA0E03009223D2 /* Repo.swift in Sources */ = {isa = PBXBuildFile; fileRef = 2C9150ED26DA0E03009223D2 /* Repo.swift */; };
		2C9150FE26DA1AD6009223D2 /* RepoListInteractor.swift in Sources */ = {isa = PBXBuildFile; fileRef = 2C9150FD26DA1AD6009223D2 /* RepoListInteractor.swift */; };
		2C91510726DA1B10009223D2 /* RepoListPresenter.swift in Sources */ = {isa = PBXBuildFile; fileRef = 2C91510626DA1B10009223D2 /* RepoListPresenter.swift */; };
		2C91510D26DA1B63009223D2 /* RepoListViewController.swift in Sources */ = {isa = PBXBuildFile; fileRef = 2C91510C26DA1B63009223D2 /* RepoListViewController.swift */; };
		2C91511D26DA2723009223D2 /* Localizable.strings in Resources */ = {isa = PBXBuildFile; fileRef = 2C91511C26DA2723009223D2 /* Localizable.strings */; };
		2C91512526DA2A0B009223D2 /* RepoListTableViewCell.swift in Sources */ = {isa = PBXBuildFile; fileRef = 2C91512426DA2A0B009223D2 /* RepoListTableViewCell.swift */; };
		2C91513026DA3A57009223D2 /* ImageLoader.swift in Sources */ = {isa = PBXBuildFile; fileRef = 2C91512F26DA3A57009223D2 /* ImageLoader.swift */; };
		2C91513826DA3D7A009223D2 /* RepoWebsiteViewController.swift in Sources */ = {isa = PBXBuildFile; fileRef = 2C91513726DA3D7A009223D2 /* RepoWebsiteViewController.swift */; };
/* End PBXBuildFile section */

/* Begin PBXContainerItemProxy section */
		2C9150B326DA0508009223D2 /* PBXContainerItemProxy */ = {
			isa = PBXContainerItemProxy;
			containerPortal = 2C91509126DA04FB009223D2 /* Project object */;
			proxyType = 1;
			remoteGlobalIDString = 2C91509826DA04FC009223D2;
			remoteInfo = BitbucketHelper;
		};
		2C9150BE26DA0508009223D2 /* PBXContainerItemProxy */ = {
			isa = PBXContainerItemProxy;
			containerPortal = 2C91509126DA04FB009223D2 /* Project object */;
			proxyType = 1;
			remoteGlobalIDString = 2C91509826DA04FC009223D2;
			remoteInfo = BitbucketHelper;
		};
/* End PBXContainerItemProxy section */

/* Begin PBXFileReference section */
		2C91509926DA04FC009223D2 /* BitbucketHelper.app */ = {isa = PBXFileReference; explicitFileType = wrapper.application; includeInIndex = 0; path = BitbucketHelper.app; sourceTree = BUILT_PRODUCTS_DIR; };
		2C91509C26DA04FC009223D2 /* AppDelegate.swift */ = {isa = PBXFileReference; lastKnownFileType = sourcecode.swift; path = AppDelegate.swift; sourceTree = "<group>"; };
		2C91509E26DA04FC009223D2 /* SceneDelegate.swift */ = {isa = PBXFileReference; lastKnownFileType = sourcecode.swift; path = SceneDelegate.swift; sourceTree = "<group>"; };
		2C9150A326DA04FC009223D2 /* Base */ = {isa = PBXFileReference; lastKnownFileType = file.storyboard; name = Base; path = Base.lproj/Main.storyboard; sourceTree = "<group>"; };
		2C9150A626DA04FC009223D2 /* BitbucketHelper.xcdatamodel */ = {isa = PBXFileReference; lastKnownFileType = wrapper.xcdatamodel; path = BitbucketHelper.xcdatamodel; sourceTree = "<group>"; };
		2C9150A826DA0506009223D2 /* Assets.xcassets */ = {isa = PBXFileReference; lastKnownFileType = folder.assetcatalog; path = Assets.xcassets; sourceTree = "<group>"; };
		2C9150AB26DA0506009223D2 /* Base */ = {isa = PBXFileReference; lastKnownFileType = file.storyboard; name = Base; path = Base.lproj/LaunchScreen.storyboard; sourceTree = "<group>"; };
		2C9150AD26DA0506009223D2 /* Info.plist */ = {isa = PBXFileReference; lastKnownFileType = text.plist.xml; path = Info.plist; sourceTree = "<group>"; };
		2C9150B226DA0508009223D2 /* BitbucketHelperTests.xctest */ = {isa = PBXFileReference; explicitFileType = wrapper.cfbundle; includeInIndex = 0; path = BitbucketHelperTests.xctest; sourceTree = BUILT_PRODUCTS_DIR; };
		2C9150B626DA0508009223D2 /* BitbucketHelperTests.swift */ = {isa = PBXFileReference; lastKnownFileType = sourcecode.swift; path = BitbucketHelperTests.swift; sourceTree = "<group>"; };
		2C9150B826DA0508009223D2 /* Info.plist */ = {isa = PBXFileReference; lastKnownFileType = text.plist.xml; path = Info.plist; sourceTree = "<group>"; };
		2C9150BD26DA0508009223D2 /* BitbucketHelperUITests.xctest */ = {isa = PBXFileReference; explicitFileType = wrapper.cfbundle; includeInIndex = 0; path = BitbucketHelperUITests.xctest; sourceTree = BUILT_PRODUCTS_DIR; };
		2C9150C126DA0508009223D2 /* BitbucketHelperUITests.swift */ = {isa = PBXFileReference; lastKnownFileType = sourcecode.swift; path = BitbucketHelperUITests.swift; sourceTree = "<group>"; };
		2C9150C326DA0508009223D2 /* Info.plist */ = {isa = PBXFileReference; lastKnownFileType = text.plist.xml; path = Info.plist; sourceTree = "<group>"; };
		2C9150D626DA06E3009223D2 /* NetworkRequestWorker.swift */ = {isa = PBXFileReference; lastKnownFileType = sourcecode.swift; path = NetworkRequestWorker.swift; sourceTree = "<group>"; };
		2C9150DC26DA0711009223D2 /* Endpoints.swift */ = {isa = PBXFileReference; lastKnownFileType = sourcecode.swift; path = Endpoints.swift; sourceTree = "<group>"; };
		2C9150ED26DA0E03009223D2 /* Repo.swift */ = {isa = PBXFileReference; lastKnownFileType = sourcecode.swift; path = Repo.swift; sourceTree = "<group>"; };
		2C9150FD26DA1AD6009223D2 /* RepoListInteractor.swift */ = {isa = PBXFileReference; lastKnownFileType = sourcecode.swift; path = RepoListInteractor.swift; sourceTree = "<group>"; };
		2C91510626DA1B10009223D2 /* RepoListPresenter.swift */ = {isa = PBXFileReference; lastKnownFileType = sourcecode.swift; path = RepoListPresenter.swift; sourceTree = "<group>"; };
		2C91510C26DA1B63009223D2 /* RepoListViewController.swift */ = {isa = PBXFileReference; lastKnownFileType = sourcecode.swift; path = RepoListViewController.swift; sourceTree = "<group>"; };
		2C91511C26DA2723009223D2 /* Localizable.strings */ = {isa = PBXFileReference; lastKnownFileType = text.plist.strings; path = Localizable.strings; sourceTree = "<group>"; };
		2C91512426DA2A0B009223D2 /* RepoListTableViewCell.swift */ = {isa = PBXFileReference; lastKnownFileType = sourcecode.swift; path = RepoListTableViewCell.swift; sourceTree = "<group>"; };
		2C91512F26DA3A57009223D2 /* ImageLoader.swift */ = {isa = PBXFileReference; lastKnownFileType = sourcecode.swift; path = ImageLoader.swift; sourceTree = "<group>"; };
		2C91513726DA3D7A009223D2 /* RepoWebsiteViewController.swift */ = {isa = PBXFileReference; lastKnownFileType = sourcecode.swift; path = RepoWebsiteViewController.swift; sourceTree = "<group>"; };
/* End PBXFileReference section */

/* Begin PBXFrameworksBuildPhase section */
		2C91509626DA04FC009223D2 /* Frameworks */ = {
			isa = PBXFrameworksBuildPhase;
			buildActionMask = 2147483647;
			files = (
			);
			runOnlyForDeploymentPostprocessing = 0;
		};
		2C9150AF26DA0508009223D2 /* Frameworks */ = {
			isa = PBXFrameworksBuildPhase;
			buildActionMask = 2147483647;
			files = (
			);
			runOnlyForDeploymentPostprocessing = 0;
		};
		2C9150BA26DA0508009223D2 /* Frameworks */ = {
			isa = PBXFrameworksBuildPhase;
			buildActionMask = 2147483647;
			files = (
			);
			runOnlyForDeploymentPostprocessing = 0;
		};
/* End PBXFrameworksBuildPhase section */

/* Begin PBXGroup section */
		2C91509026DA04FB009223D2 = {
			isa = PBXGroup;
			children = (
				2C91509B26DA04FC009223D2 /* BitbucketHelper */,
				2C9150B526DA0508009223D2 /* BitbucketHelperTests */,
				2C9150C026DA0508009223D2 /* BitbucketHelperUITests */,
				2C91509A26DA04FC009223D2 /* Products */,
			);
			sourceTree = "<group>";
		};
		2C91509A26DA04FC009223D2 /* Products */ = {
			isa = PBXGroup;
			children = (
				2C91509926DA04FC009223D2 /* BitbucketHelper.app */,
				2C9150B226DA0508009223D2 /* BitbucketHelperTests.xctest */,
				2C9150BD26DA0508009223D2 /* BitbucketHelperUITests.xctest */,
			);
			name = Products;
			sourceTree = "<group>";
		};
		2C91509B26DA04FC009223D2 /* BitbucketHelper */ = {
			isa = PBXGroup;
			children = (
				2C9150DB26DA06F6009223D2 /* Config */,
				2C9150FC26DA1A86009223D2 /* Interactor */,
				2C9150EC26DA0DB6009223D2 /* Model */,
				2C91510526DA1AF0009223D2 /* Presenter */,
				2C9150F526DA17E1009223D2 /* View */,
				2C9150D226DA0514009223D2 /* Worker */,
				2C91509C26DA04FC009223D2 /* AppDelegate.swift */,
				2C91509E26DA04FC009223D2 /* SceneDelegate.swift */,
				2C9150A826DA0506009223D2 /* Assets.xcassets */,
				2C9150AD26DA0506009223D2 /* Info.plist */,
				2C9150A526DA04FC009223D2 /* BitbucketHelper.xcdatamodeld */,
			);
			path = BitbucketHelper;
			sourceTree = "<group>";
		};
		2C9150B526DA0508009223D2 /* BitbucketHelperTests */ = {
			isa = PBXGroup;
			children = (
				2C9150B626DA0508009223D2 /* BitbucketHelperTests.swift */,
				2C9150B826DA0508009223D2 /* Info.plist */,
			);
			path = BitbucketHelperTests;
			sourceTree = "<group>";
		};
		2C9150C026DA0508009223D2 /* BitbucketHelperUITests */ = {
			isa = PBXGroup;
			children = (
				2C9150C126DA0508009223D2 /* BitbucketHelperUITests.swift */,
				2C9150C326DA0508009223D2 /* Info.plist */,
			);
			path = BitbucketHelperUITests;
			sourceTree = "<group>";
		};
		2C9150D226DA0514009223D2 /* Worker */ = {
			isa = PBXGroup;
			children = (
				2C91512F26DA3A57009223D2 /* ImageLoader.swift */,
				2C9150D626DA06E3009223D2 /* NetworkRequestWorker.swift */,
			);
			path = Worker;
			sourceTree = "<group>";
		};
		2C9150DB26DA06F6009223D2 /* Config */ = {
			isa = PBXGroup;
			children = (
				2C9150DC26DA0711009223D2 /* Endpoints.swift */,
				2C91511C26DA2723009223D2 /* Localizable.strings */,
			);
			path = Config;
			sourceTree = "<group>";
		};
		2C9150EC26DA0DB6009223D2 /* Model */ = {
			isa = PBXGroup;
			children = (
				2C9150ED26DA0E03009223D2 /* Repo.swift */,
			);
			path = Model;
			sourceTree = "<group>";
		};
		2C9150F526DA17E1009223D2 /* View */ = {
			isa = PBXGroup;
			children = (
				2C9150A226DA04FC009223D2 /* Main.storyboard */,
				2C9150AA26DA0506009223D2 /* LaunchScreen.storyboard */,
				2C91512426DA2A0B009223D2 /* RepoListTableViewCell.swift */,
				2C91510C26DA1B63009223D2 /* RepoListViewController.swift */,
				2C91513726DA3D7A009223D2 /* RepoWebsiteViewController.swift */,
			);
			path = View;
			sourceTree = "<group>";
		};
		2C9150FC26DA1A86009223D2 /* Interactor */ = {
			isa = PBXGroup;
			children = (
				2C9150FD26DA1AD6009223D2 /* RepoListInteractor.swift */,
			);
			path = Interactor;
			sourceTree = "<group>";
		};
		2C91510526DA1AF0009223D2 /* Presenter */ = {
			isa = PBXGroup;
			children = (
				2C91510626DA1B10009223D2 /* RepoListPresenter.swift */,
			);
			path = Presenter;
			sourceTree = "<group>";
		};
/* End PBXGroup section */

/* Begin PBXNativeTarget section */
		2C91509826DA04FC009223D2 /* BitbucketHelper */ = {
			isa = PBXNativeTarget;
			buildConfigurationList = 2C9150C626DA0508009223D2 /* Build configuration list for PBXNativeTarget "BitbucketHelper" */;
			buildPhases = (
				2C91509526DA04FC009223D2 /* Sources */,
				2C91509626DA04FC009223D2 /* Frameworks */,
				2C91509726DA04FC009223D2 /* Resources */,
			);
			buildRules = (
			);
			dependencies = (
			);
			name = BitbucketHelper;
			productName = BitbucketHelper;
			productReference = 2C91509926DA04FC009223D2 /* BitbucketHelper.app */;
			productType = "com.apple.product-type.application";
		};
		2C9150B126DA0508009223D2 /* BitbucketHelperTests */ = {
			isa = PBXNativeTarget;
			buildConfigurationList = 2C9150C926DA0508009223D2 /* Build configuration list for PBXNativeTarget "BitbucketHelperTests" */;
			buildPhases = (
				2C9150AE26DA0508009223D2 /* Sources */,
				2C9150AF26DA0508009223D2 /* Frameworks */,
				2C9150B026DA0508009223D2 /* Resources */,
			);
			buildRules = (
			);
			dependencies = (
				2C9150B426DA0508009223D2 /* PBXTargetDependency */,
			);
			name = BitbucketHelperTests;
			productName = BitbucketHelperTests;
			productReference = 2C9150B226DA0508009223D2 /* BitbucketHelperTests.xctest */;
			productType = "com.apple.product-type.bundle.unit-test";
		};
		2C9150BC26DA0508009223D2 /* BitbucketHelperUITests */ = {
			isa = PBXNativeTarget;
			buildConfigurationList = 2C9150CC26DA0508009223D2 /* Build configuration list for PBXNativeTarget "BitbucketHelperUITests" */;
			buildPhases = (
				2C9150B926DA0508009223D2 /* Sources */,
				2C9150BA26DA0508009223D2 /* Frameworks */,
				2C9150BB26DA0508009223D2 /* Resources */,
			);
			buildRules = (
			);
			dependencies = (
				2C9150BF26DA0508009223D2 /* PBXTargetDependency */,
			);
			name = BitbucketHelperUITests;
			productName = BitbucketHelperUITests;
			productReference = 2C9150BD26DA0508009223D2 /* BitbucketHelperUITests.xctest */;
			productType = "com.apple.product-type.bundle.ui-testing";
		};
/* End PBXNativeTarget section */

/* Begin PBXProject section */
		2C91509126DA04FB009223D2 /* Project object */ = {
			isa = PBXProject;
			attributes = {
				LastSwiftUpdateCheck = 1230;
				LastUpgradeCheck = 1230;
				TargetAttributes = {
					2C91509826DA04FC009223D2 = {
						CreatedOnToolsVersion = 12.3;
					};
					2C9150B126DA0508009223D2 = {
						CreatedOnToolsVersion = 12.3;
						TestTargetID = 2C91509826DA04FC009223D2;
					};
					2C9150BC26DA0508009223D2 = {
						CreatedOnToolsVersion = 12.3;
						TestTargetID = 2C91509826DA04FC009223D2;
					};
				};
			};
			buildConfigurationList = 2C91509426DA04FB009223D2 /* Build configuration list for PBXProject "BitbucketHelper" */;
			compatibilityVersion = "Xcode 9.3";
			developmentRegion = en;
			hasScannedForEncodings = 0;
			knownRegions = (
				en,
				Base,
			);
			mainGroup = 2C91509026DA04FB009223D2;
			productRefGroup = 2C91509A26DA04FC009223D2 /* Products */;
			projectDirPath = "";
			projectRoot = "";
			targets = (
				2C91509826DA04FC009223D2 /* BitbucketHelper */,
				2C9150B126DA0508009223D2 /* BitbucketHelperTests */,
				2C9150BC26DA0508009223D2 /* BitbucketHelperUITests */,
			);
		};
/* End PBXProject section */

/* Begin PBXResourcesBuildPhase section */
		2C91509726DA04FC009223D2 /* Resources */ = {
			isa = PBXResourcesBuildPhase;
			buildActionMask = 2147483647;
			files = (
				2C91511D26DA2723009223D2 /* Localizable.strings in Resources */,
				2C9150AC26DA0506009223D2 /* LaunchScreen.storyboard in Resources */,
				2C9150A926DA0506009223D2 /* Assets.xcassets in Resources */,
				2C9150A426DA04FC009223D2 /* Main.storyboard in Resources */,
			);
			runOnlyForDeploymentPostprocessing = 0;
		};
		2C9150B026DA0508009223D2 /* Resources */ = {
			isa = PBXResourcesBuildPhase;
			buildActionMask = 2147483647;
			files = (
			);
			runOnlyForDeploymentPostprocessing = 0;
		};
		2C9150BB26DA0508009223D2 /* Resources */ = {
			isa = PBXResourcesBuildPhase;
			buildActionMask = 2147483647;
			files = (
			);
			runOnlyForDeploymentPostprocessing = 0;
		};
/* End PBXResourcesBuildPhase section */

/* Begin PBXSourcesBuildPhase section */
		2C91509526DA04FC009223D2 /* Sources */ = {
			isa = PBXSourcesBuildPhase;
			buildActionMask = 2147483647;
			files = (
				2C9150FE26DA1AD6009223D2 /* RepoListInteractor.swift in Sources */,
				2C91512526DA2A0B009223D2 /* RepoListTableViewCell.swift in Sources */,
				2C9150EE26DA0E03009223D2 /* Repo.swift in Sources */,
				2C91510D26DA1B63009223D2 /* RepoListViewController.swift in Sources */,
				2C9150D726DA06E3009223D2 /* NetworkRequestWorker.swift in Sources */,
				2C91513026DA3A57009223D2 /* ImageLoader.swift in Sources */,
				2C91513826DA3D7A009223D2 /* RepoWebsiteViewController.swift in Sources */,
				2C9150A726DA04FC009223D2 /* BitbucketHelper.xcdatamodeld in Sources */,
				2C91510726DA1B10009223D2 /* RepoListPresenter.swift in Sources */,
				2C91509D26DA04FC009223D2 /* AppDelegate.swift in Sources */,
				2C9150DD26DA0711009223D2 /* Endpoints.swift in Sources */,
				2C91509F26DA04FC009223D2 /* SceneDelegate.swift in Sources */,
			);
			runOnlyForDeploymentPostprocessing = 0;
		};
		2C9150AE26DA0508009223D2 /* Sources */ = {
			isa = PBXSourcesBuildPhase;
			buildActionMask = 2147483647;
			files = (
				2C9150B726DA0508009223D2 /* BitbucketHelperTests.swift in Sources */,
			);
			runOnlyForDeploymentPostprocessing = 0;
		};
		2C9150B926DA0508009223D2 /* Sources */ = {
			isa = PBXSourcesBuildPhase;
			buildActionMask = 2147483647;
			files = (
				2C9150C226DA0508009223D2 /* BitbucketHelperUITests.swift in Sources */,
			);
			runOnlyForDeploymentPostprocessing = 0;
		};
/* End PBXSourcesBuildPhase section */

/* Begin PBXTargetDependency section */
		2C9150B426DA0508009223D2 /* PBXTargetDependency */ = {
			isa = PBXTargetDependency;
			target = 2C91509826DA04FC009223D2 /* BitbucketHelper */;
			targetProxy = 2C9150B326DA0508009223D2 /* PBXContainerItemProxy */;
		};
		2C9150BF26DA0508009223D2 /* PBXTargetDependency */ = {
			isa = PBXTargetDependency;
			target = 2C91509826DA04FC009223D2 /* BitbucketHelper */;
			targetProxy = 2C9150BE26DA0508009223D2 /* PBXContainerItemProxy */;
		};
/* End PBXTargetDependency section */

/* Begin PBXVariantGroup section */
		2C9150A226DA04FC009223D2 /* Main.storyboard */ = {
			isa = PBXVariantGroup;
			children = (
				2C9150A326DA04FC009223D2 /* Base */,
			);
			name = Main.storyboard;
			sourceTree = "<group>";
		};
		2C9150AA26DA0506009223D2 /* LaunchScreen.storyboard */ = {
			isa = PBXVariantGroup;
			children = (
				2C9150AB26DA0506009223D2 /* Base */,
			);
			name = LaunchScreen.storyboard;
			sourceTree = "<group>";
		};
/* End PBXVariantGroup section */

/* Begin XCBuildConfiguration section */
		2C9150C426DA0508009223D2 /* Debug */ = {
			isa = XCBuildConfiguration;
			buildSettings = {
				ALWAYS_SEARCH_USER_PATHS = NO;
				CLANG_ANALYZER_NONNULL = YES;
				CLANG_ANALYZER_NUMBER_OBJECT_CONVERSION = YES_AGGRESSIVE;
				CLANG_CXX_LANGUAGE_STANDARD = "gnu++14";
				CLANG_CXX_LIBRARY = "libc++";
				CLANG_ENABLE_MODULES = YES;
				CLANG_ENABLE_OBJC_ARC = YES;
				CLANG_ENABLE_OBJC_WEAK = YES;
				CLANG_WARN_BLOCK_CAPTURE_AUTORELEASING = YES;
				CLANG_WARN_BOOL_CONVERSION = YES;
				CLANG_WARN_COMMA = YES;
				CLANG_WARN_CONSTANT_CONVERSION = YES;
				CLANG_WARN_DEPRECATED_OBJC_IMPLEMENTATIONS = YES;
				CLANG_WARN_DIRECT_OBJC_ISA_USAGE = YES_ERROR;
				CLANG_WARN_DOCUMENTATION_COMMENTS = YES;
				CLANG_WARN_EMPTY_BODY = YES;
				CLANG_WARN_ENUM_CONVERSION = YES;
				CLANG_WARN_INFINITE_RECURSION = YES;
				CLANG_WARN_INT_CONVERSION = YES;
				CLANG_WARN_NON_LITERAL_NULL_CONVERSION = YES;
				CLANG_WARN_OBJC_IMPLICIT_RETAIN_SELF = YES;
				CLANG_WARN_OBJC_LITERAL_CONVERSION = YES;
				CLANG_WARN_OBJC_ROOT_CLASS = YES_ERROR;
				CLANG_WARN_QUOTED_INCLUDE_IN_FRAMEWORK_HEADER = YES;
				CLANG_WARN_RANGE_LOOP_ANALYSIS = YES;
				CLANG_WARN_STRICT_PROTOTYPES = YES;
				CLANG_WARN_SUSPICIOUS_MOVE = YES;
				CLANG_WARN_UNGUARDED_AVAILABILITY = YES_AGGRESSIVE;
				CLANG_WARN_UNREACHABLE_CODE = YES;
				CLANG_WARN__DUPLICATE_METHOD_MATCH = YES;
				COPY_PHASE_STRIP = NO;
				DEBUG_INFORMATION_FORMAT = dwarf;
				ENABLE_STRICT_OBJC_MSGSEND = YES;
				ENABLE_TESTABILITY = YES;
				GCC_C_LANGUAGE_STANDARD = gnu11;
				GCC_DYNAMIC_NO_PIC = NO;
				GCC_NO_COMMON_BLOCKS = YES;
				GCC_OPTIMIZATION_LEVEL = 0;
				GCC_PREPROCESSOR_DEFINITIONS = (
					"DEBUG=1",
					"$(inherited)",
				);
				GCC_WARN_64_TO_32_BIT_CONVERSION = YES;
				GCC_WARN_ABOUT_RETURN_TYPE = YES_ERROR;
				GCC_WARN_UNDECLARED_SELECTOR = YES;
				GCC_WARN_UNINITIALIZED_AUTOS = YES_AGGRESSIVE;
				GCC_WARN_UNUSED_FUNCTION = YES;
				GCC_WARN_UNUSED_VARIABLE = YES;
				IPHONEOS_DEPLOYMENT_TARGET = 14.3;
				MTL_ENABLE_DEBUG_INFO = INCLUDE_SOURCE;
				MTL_FAST_MATH = YES;
				ONLY_ACTIVE_ARCH = YES;
				SDKROOT = iphoneos;
				SWIFT_ACTIVE_COMPILATION_CONDITIONS = DEBUG;
				SWIFT_OPTIMIZATION_LEVEL = "-Onone";
			};
			name = Debug;
		};
		2C9150C526DA0508009223D2 /* Release */ = {
			isa = XCBuildConfiguration;
			buildSettings = {
				ALWAYS_SEARCH_USER_PATHS = NO;
				CLANG_ANALYZER_NONNULL = YES;
				CLANG_ANALYZER_NUMBER_OBJECT_CONVERSION = YES_AGGRESSIVE;
				CLANG_CXX_LANGUAGE_STANDARD = "gnu++14";
				CLANG_CXX_LIBRARY = "libc++";
				CLANG_ENABLE_MODULES = YES;
				CLANG_ENABLE_OBJC_ARC = YES;
				CLANG_ENABLE_OBJC_WEAK = YES;
				CLANG_WARN_BLOCK_CAPTURE_AUTORELEASING = YES;
				CLANG_WARN_BOOL_CONVERSION = YES;
				CLANG_WARN_COMMA = YES;
				CLANG_WARN_CONSTANT_CONVERSION = YES;
				CLANG_WARN_DEPRECATED_OBJC_IMPLEMENTATIONS = YES;
				CLANG_WARN_DIRECT_OBJC_ISA_USAGE = YES_ERROR;
				CLANG_WARN_DOCUMENTATION_COMMENTS = YES;
				CLANG_WARN_EMPTY_BODY = YES;
				CLANG_WARN_ENUM_CONVERSION = YES;
				CLANG_WARN_INFINITE_RECURSION = YES;
				CLANG_WARN_INT_CONVERSION = YES;
				CLANG_WARN_NON_LITERAL_NULL_CONVERSION = YES;
				CLANG_WARN_OBJC_IMPLICIT_RETAIN_SELF = YES;
				CLANG_WARN_OBJC_LITERAL_CONVERSION = YES;
				CLANG_WARN_OBJC_ROOT_CLASS = YES_ERROR;
				CLANG_WARN_QUOTED_INCLUDE_IN_FRAMEWORK_HEADER = YES;
				CLANG_WARN_RANGE_LOOP_ANALYSIS = YES;
				CLANG_WARN_STRICT_PROTOTYPES = YES;
				CLANG_WARN_SUSPICIOUS_MOVE = YES;
				CLANG_WARN_UNGUARDED_AVAILABILITY = YES_AGGRESSIVE;
				CLANG_WARN_UNREACHABLE_CODE = YES;
				CLANG_WARN__DUPLICATE_METHOD_MATCH = YES;
				COPY_PHASE_STRIP = NO;
				DEBUG_INFORMATION_FORMAT = "dwarf-with-dsym";
				ENABLE_NS_ASSERTIONS = NO;
				ENABLE_STRICT_OBJC_MSGSEND = YES;
				GCC_C_LANGUAGE_STANDARD = gnu11;
				GCC_NO_COMMON_BLOCKS = YES;
				GCC_WARN_64_TO_32_BIT_CONVERSION = YES;
				GCC_WARN_ABOUT_RETURN_TYPE = YES_ERROR;
				GCC_WARN_UNDECLARED_SELECTOR = YES;
				GCC_WARN_UNINITIALIZED_AUTOS = YES_AGGRESSIVE;
				GCC_WARN_UNUSED_FUNCTION = YES;
				GCC_WARN_UNUSED_VARIABLE = YES;
				IPHONEOS_DEPLOYMENT_TARGET = 14.3;
				MTL_ENABLE_DEBUG_INFO = NO;
				MTL_FAST_MATH = YES;
				SDKROOT = iphoneos;
				SWIFT_COMPILATION_MODE = wholemodule;
				SWIFT_OPTIMIZATION_LEVEL = "-O";
				VALIDATE_PRODUCT = YES;
			};
			name = Release;
		};
		2C9150C726DA0508009223D2 /* Debug */ = {
			isa = XCBuildConfiguration;
			buildSettings = {
				ASSETCATALOG_COMPILER_APPICON_NAME = AppIcon;
				ASSETCATALOG_COMPILER_GLOBAL_ACCENT_COLOR_NAME = AccentColor;
				CODE_SIGN_STYLE = Automatic;
				INFOPLIST_FILE = BitbucketHelper/Info.plist;
				LD_RUNPATH_SEARCH_PATHS = (
					"$(inherited)",
					"@executable_path/Frameworks",
				);
				PRODUCT_BUNDLE_IDENTIFIER = chinwee.kerk.BitbucketHelper;
				PRODUCT_NAME = "$(TARGET_NAME)";
				SWIFT_VERSION = 5.0;
				TARGETED_DEVICE_FAMILY = "1,2";
			};
			name = Debug;
		};
		2C9150C826DA0508009223D2 /* Release */ = {
			isa = XCBuildConfiguration;
			buildSettings = {
				ASSETCATALOG_COMPILER_APPICON_NAME = AppIcon;
				ASSETCATALOG_COMPILER_GLOBAL_ACCENT_COLOR_NAME = AccentColor;
				CODE_SIGN_STYLE = Automatic;
				INFOPLIST_FILE = BitbucketHelper/Info.plist;
				LD_RUNPATH_SEARCH_PATHS = (
					"$(inherited)",
					"@executable_path/Frameworks",
				);
				PRODUCT_BUNDLE_IDENTIFIER = chinwee.kerk.BitbucketHelper;
				PRODUCT_NAME = "$(TARGET_NAME)";
				SWIFT_VERSION = 5.0;
				TARGETED_DEVICE_FAMILY = "1,2";
			};
			name = Release;
		};
		2C9150CA26DA0508009223D2 /* Debug */ = {
			isa = XCBuildConfiguration;
			buildSettings = {
				ALWAYS_EMBED_SWIFT_STANDARD_LIBRARIES = YES;
				BUNDLE_LOADER = "$(TEST_HOST)";
				CODE_SIGN_STYLE = Automatic;
				INFOPLIST_FILE = BitbucketHelperTests/Info.plist;
				IPHONEOS_DEPLOYMENT_TARGET = 14.3;
				LD_RUNPATH_SEARCH_PATHS = (
					"$(inherited)",
					"@executable_path/Frameworks",
					"@loader_path/Frameworks",
				);
				PRODUCT_BUNDLE_IDENTIFIER = chinwee.kerk.BitbucketHelperTests;
				PRODUCT_NAME = "$(TARGET_NAME)";
				SWIFT_VERSION = 5.0;
				TARGETED_DEVICE_FAMILY = "1,2";
				TEST_HOST = "$(BUILT_PRODUCTS_DIR)/BitbucketHelper.app/BitbucketHelper";
			};
			name = Debug;
		};
		2C9150CB26DA0508009223D2 /* Release */ = {
			isa = XCBuildConfiguration;
			buildSettings = {
				ALWAYS_EMBED_SWIFT_STANDARD_LIBRARIES = YES;
				BUNDLE_LOADER = "$(TEST_HOST)";
				CODE_SIGN_STYLE = Automatic;
				INFOPLIST_FILE = BitbucketHelperTests/Info.plist;
				IPHONEOS_DEPLOYMENT_TARGET = 14.3;
				LD_RUNPATH_SEARCH_PATHS = (
					"$(inherited)",
					"@executable_path/Frameworks",
					"@loader_path/Frameworks",
				);
				PRODUCT_BUNDLE_IDENTIFIER = chinwee.kerk.BitbucketHelperTests;
				PRODUCT_NAME = "$(TARGET_NAME)";
				SWIFT_VERSION = 5.0;
				TARGETED_DEVICE_FAMILY = "1,2";
				TEST_HOST = "$(BUILT_PRODUCTS_DIR)/BitbucketHelper.app/BitbucketHelper";
			};
			name = Release;
		};
		2C9150CD26DA0508009223D2 /* Debug */ = {
			isa = XCBuildConfiguration;
			buildSettings = {
				ALWAYS_EMBED_SWIFT_STANDARD_LIBRARIES = YES;
				CODE_SIGN_STYLE = Automatic;
				INFOPLIST_FILE = BitbucketHelperUITests/Info.plist;
				LD_RUNPATH_SEARCH_PATHS = (
					"$(inherited)",
					"@executable_path/Frameworks",
					"@loader_path/Frameworks",
				);
				PRODUCT_BUNDLE_IDENTIFIER = chinwee.kerk.BitbucketHelperUITests;
				PRODUCT_NAME = "$(TARGET_NAME)";
				SWIFT_VERSION = 5.0;
				TARGETED_DEVICE_FAMILY = "1,2";
				TEST_TARGET_NAME = BitbucketHelper;
			};
			name = Debug;
		};
		2C9150CE26DA0508009223D2 /* Release */ = {
			isa = XCBuildConfiguration;
			buildSettings = {
				ALWAYS_EMBED_SWIFT_STANDARD_LIBRARIES = YES;
				CODE_SIGN_STYLE = Automatic;
				INFOPLIST_FILE = BitbucketHelperUITests/Info.plist;
				LD_RUNPATH_SEARCH_PATHS = (
					"$(inherited)",
					"@executable_path/Frameworks",
					"@loader_path/Frameworks",
				);
				PRODUCT_BUNDLE_IDENTIFIER = chinwee.kerk.BitbucketHelperUITests;
				PRODUCT_NAME = "$(TARGET_NAME)";
				SWIFT_VERSION = 5.0;
				TARGETED_DEVICE_FAMILY = "1,2";
				TEST_TARGET_NAME = BitbucketHelper;
			};
			name = Release;
		};
/* End XCBuildConfiguration section */

/* Begin XCConfigurationList section */
		2C91509426DA04FB009223D2 /* Build configuration list for PBXProject "BitbucketHelper" */ = {
			isa = XCConfigurationList;
			buildConfigurations = (
				2C9150C426DA0508009223D2 /* Debug */,
				2C9150C526DA0508009223D2 /* Release */,
			);
			defaultConfigurationIsVisible = 0;
			defaultConfigurationName = Release;
		};
		2C9150C626DA0508009223D2 /* Build configuration list for PBXNativeTarget "BitbucketHelper" */ = {
			isa = XCConfigurationList;
			buildConfigurations = (
				2C9150C726DA0508009223D2 /* Debug */,
				2C9150C826DA0508009223D2 /* Release */,
			);
			defaultConfigurationIsVisible = 0;
			defaultConfigurationName = Release;
		};
		2C9150C926DA0508009223D2 /* Build configuration list for PBXNativeTarget "BitbucketHelperTests" */ = {
			isa = XCConfigurationList;
			buildConfigurations = (
				2C9150CA26DA0508009223D2 /* Debug */,
				2C9150CB26DA0508009223D2 /* Release */,
			);
			defaultConfigurationIsVisible = 0;
			defaultConfigurationName = Release;
		};
		2C9150CC26DA0508009223D2 /* Build configuration list for PBXNativeTarget "BitbucketHelperUITests" */ = {
			isa = XCConfigurationList;
			buildConfigurations = (
				2C9150CD26DA0508009223D2 /* Debug */,
				2C9150CE26DA0508009223D2 /* Release */,
			);
			defaultConfigurationIsVisible = 0;
			defaultConfigurationName = Release;
		};
/* End XCConfigurationList section */

/* Begin XCVersionGroup section */
		2C9150A526DA04FC009223D2 /* BitbucketHelper.xcdatamodeld */ = {
			isa = XCVersionGroup;
			children = (
				2C9150A626DA04FC009223D2 /* BitbucketHelper.xcdatamodel */,
			);
			currentVersion = 2C9150A626DA04FC009223D2 /* BitbucketHelper.xcdatamodel */;
			path = BitbucketHelper.xcdatamodeld;
			sourceTree = "<group>";
			versionGroupType = wrapper.xcdatamodel;
		};
/* End XCVersionGroup section */
	};
	rootObject = 2C91509126DA04FB009223D2 /* Project object */;
}
